
Microsoft Visual Studio Solution File, Format Version 12.00
# Visual Studio Version 17
VisualStudioVersion = 17.8.34511.84
MinimumVisualStudioVersion = 10.0.40219.1
Project("{FAE04EC0-301F-11D3-BF4B-00C04F79EFBC}") = "Eventos", "Eventos\Eventos.csproj", "{B79BCEB6-AA04-4DE5-84CF-C43662DCBB6E}"
EndProject
Global
	GlobalSection(SolutionConfigurationPlatforms) = preSolution
		Debug|Any CPU = Debug|Any CPU
		Release|Any CPU = Release|Any CPU
	EndGlobalSection
	GlobalSection(ProjectConfigurationPlatforms) = postSolution
		{B79BCEB6-AA04-4DE5-84CF-C43662DCBB6E}.Debug|Any CPU.ActiveCfg = Debug|Any CPU
		{B79BCEB6-AA04-4DE5-84CF-C43662DCBB6E}.Debug|Any CPU.Build.0 = Debug|Any CPU
		{B79BCEB6-AA04-4DE5-84CF-C43662DCBB6E}.Release|Any CPU.ActiveCfg = Release|Any CPU
		{B79BCEB6-AA04-4DE5-84CF-C43662DCBB6E}.Release|Any CPU.Build.0 = Release|Any CPU
	EndGlobalSection
	GlobalSection(SolutionProperties) = preSolution
		HideSolutionNode = FALSE
	EndGlobalSection
	GlobalSection(ExtensibilityGlobals) = postSolution
		SolutionGuid = {5D1F2C01-CF6B-4D92-98A6-E2C13637DE10}
	EndGlobalSection
EndGlobal
